
Microsoft Visual Studio Solution File, Format Version 12.00
# Visual Studio Version 16
VisualStudioVersion = 16.0.31321.278
MinimumVisualStudioVersion = 10.0.40219.1
Project("{FAE04EC0-301F-11D3-BF4B-00C04F79EFBC}") = "BinarySearchTree", "BinarySearchTree\BinarySearchTree.csproj", "{717BDA30-DB21-4488-8CD4-B075F0E29D39}"
EndProject
Global
	GlobalSection(SolutionConfigurationPlatforms) = preSolution
		Debug|Any CPU = Debug|Any CPU
		Release|Any CPU = Release|Any CPU
	EndGlobalSection
	GlobalSection(ProjectConfigurationPlatforms) = postSolution
		{717BDA30-DB21-4488-8CD4-B075F0E29D39}.Debug|Any CPU.ActiveCfg = Debug|Any CPU
		{717BDA30-DB21-4488-8CD4-B075F0E29D39}.Debug|Any CPU.Build.0 = Debug|Any CPU
		{717BDA30-DB21-4488-8CD4-B075F0E29D39}.Release|Any CPU.ActiveCfg = Release|Any CPU
		{717BDA30-DB21-4488-8CD4-B075F0E29D39}.Release|Any CPU.Build.0 = Release|Any CPU
	EndGlobalSection
	GlobalSection(SolutionProperties) = preSolution
		HideSolutionNode = FALSE
	EndGlobalSection
	GlobalSection(ExtensibilityGlobals) = postSolution
		SolutionGuid = {597E979F-B65F-472B-8A0D-65CD1123667F}
	EndGlobalSection
EndGlobal
